
Microsoft Visual Studio Solution File, Format Version 12.00
# Visual Studio Version 16
VisualStudioVersion = 16.0.29613.14
MinimumVisualStudioVersion = 10.0.40219.1
Project("{9A19103F-16F7-4668-BE54-9A1E7A4F7556}") = "CoreReviewBoard", "CoreReviewBoard\CoreReviewBoard.csproj", "{9B679BAC-F66B-4F95-9F72-06990EA826E5}"
EndProject
Project("{FAE04EC0-301F-11D3-BF4B-00C04F79EFBC}") = "CoreReviewBoard.Core", "CoreReviewBoard.Core\CoreReviewBoard.Core.csproj", "{F8D85975-EE16-409D-840A-B1A4DBA467E5}"
EndProject
Project("{FAE04EC0-301F-11D3-BF4B-00C04F79EFBC}") = "CoreReviewBoard.Data", "CoreReviewBoard.Data\CoreReviewBoard.Data.csproj", "{8768AFB0-925C-4BCF-B921-3732F2FADA56}"
EndProject
Global
	GlobalSection(SolutionConfigurationPlatforms) = preSolution
		Debug|Any CPU = Debug|Any CPU
		Release|Any CPU = Release|Any CPU
	EndGlobalSection
	GlobalSection(ProjectConfigurationPlatforms) = postSolution
		{9B679BAC-F66B-4F95-9F72-06990EA826E5}.Debug|Any CPU.ActiveCfg = Debug|Any CPU
		{9B679BAC-F66B-4F95-9F72-06990EA826E5}.Debug|Any CPU.Build.0 = Debug|Any CPU
		{9B679BAC-F66B-4F95-9F72-06990EA826E5}.Release|Any CPU.ActiveCfg = Release|Any CPU
		{9B679BAC-F66B-4F95-9F72-06990EA826E5}.Release|Any CPU.Build.0 = Release|Any CPU
		{F8D85975-EE16-409D-840A-B1A4DBA467E5}.Debug|Any CPU.ActiveCfg = Debug|Any CPU
		{F8D85975-EE16-409D-840A-B1A4DBA467E5}.Debug|Any CPU.Build.0 = Debug|Any CPU
		{F8D85975-EE16-409D-840A-B1A4DBA467E5}.Release|Any CPU.ActiveCfg = Release|Any CPU
		{F8D85975-EE16-409D-840A-B1A4DBA467E5}.Release|Any CPU.Build.0 = Release|Any CPU
		{8768AFB0-925C-4BCF-B921-3732F2FADA56}.Debug|Any CPU.ActiveCfg = Debug|Any CPU
		{8768AFB0-925C-4BCF-B921-3732F2FADA56}.Debug|Any CPU.Build.0 = Debug|Any CPU
		{8768AFB0-925C-4BCF-B921-3732F2FADA56}.Release|Any CPU.ActiveCfg = Release|Any CPU
		{8768AFB0-925C-4BCF-B921-3732F2FADA56}.Release|Any CPU.Build.0 = Release|Any CPU
	EndGlobalSection
	GlobalSection(SolutionProperties) = preSolution
		HideSolutionNode = FALSE
	EndGlobalSection
	GlobalSection(ExtensibilityGlobals) = postSolution
		SolutionGuid = {81869475-FD95-4766-A469-EAA2E2EE209F}
	EndGlobalSection
EndGlobal
