
Microsoft Visual Studio Solution File, Format Version 12.00
# Visual Studio 15
VisualStudioVersion = 15.0.28306.52
MinimumVisualStudioVersion = 10.0.40219.1
Project("{FAE04EC0-301F-11D3-BF4B-00C04F79EFBC}") = "SamuraiApp.Domain", "SamuraiApp.Domain\SamuraiApp.Domain.csproj", "{F97040F8-8BEB-45A3-AB19-F5376F28B696}"
EndProject
Project("{FAE04EC0-301F-11D3-BF4B-00C04F79EFBC}") = "SamuraiApp.Data", "SamuraiApp.Data\SamuraiApp.Data.csproj", "{D7198561-66E2-4ED7-9B4D-5708795E2A60}"
EndProject
Global
	GlobalSection(SolutionConfigurationPlatforms) = preSolution
		Debug|Any CPU = Debug|Any CPU
		Release|Any CPU = Release|Any CPU
	EndGlobalSection
	GlobalSection(ProjectConfigurationPlatforms) = postSolution
		{F97040F8-8BEB-45A3-AB19-F5376F28B696}.Debug|Any CPU.ActiveCfg = Debug|Any CPU
		{F97040F8-8BEB-45A3-AB19-F5376F28B696}.Debug|Any CPU.Build.0 = Debug|Any CPU
		{F97040F8-8BEB-45A3-AB19-F5376F28B696}.Release|Any CPU.ActiveCfg = Release|Any CPU
		{F97040F8-8BEB-45A3-AB19-F5376F28B696}.Release|Any CPU.Build.0 = Release|Any CPU
		{D7198561-66E2-4ED7-9B4D-5708795E2A60}.Debug|Any CPU.ActiveCfg = Debug|Any CPU
		{D7198561-66E2-4ED7-9B4D-5708795E2A60}.Debug|Any CPU.Build.0 = Debug|Any CPU
		{D7198561-66E2-4ED7-9B4D-5708795E2A60}.Release|Any CPU.ActiveCfg = Release|Any CPU
		{D7198561-66E2-4ED7-9B4D-5708795E2A60}.Release|Any CPU.Build.0 = Release|Any CPU
	EndGlobalSection
	GlobalSection(SolutionProperties) = preSolution
		HideSolutionNode = FALSE
	EndGlobalSection
	GlobalSection(ExtensibilityGlobals) = postSolution
		SolutionGuid = {DA6DA6C0-7DD2-491A-AC5B-6421C4EE09B3}
	EndGlobalSection
EndGlobal
